{
  "nodes": {
    "astronvim-config": {
      "flake": false,
      "locked": {
        "lastModified": 1782125541,
        "narHash": "sha256-Y+MHc08j2WWdd5uhE7SHBL8qyH1FGxtXC622fHHJ8GQ=",
        "owner": "ojwenzel",
        "repo": "astronvim_config",
        "rev": "af3dd57eacc61c0fd3a74eb903cb8e7411c73025",
        "type": "github"
      },
      "original": {
        "owner": "ojwenzel",
        "repo": "astronvim_config",
        "type": "github"
      }
    },
    "nixpkgs": {
      "locked": {
        "lastModified": 1775710090,
        "narHash": "sha256-ar3rofg+awPB8QXDaFJhJ2jJhu+KqN/PRCXeyuXR76E=",
        "owner": "NixOS",
        "repo": "nixpkgs",
        "rev": "4c1018dae018162ec878d42fec712642d214fdfa",
        "type": "github"
      },
      "original": {
        "owner": "NixOS",
        "ref": "nixos-unstable",
        "repo": "nixpkgs",
        "type": "github"
      }
    },
    "root": {
      "inputs": {
        "astronvim-config": "astronvim-config",
        "nixpkgs": "nixpkgs"
      }
    }
  },
  "root": "root",
  "version": 7
}
