{
  "nodes": {
    "astronvim-config": {
      "flake": false,
      "locked": {
        "lastModified": 1781536718,
        "narHash": "sha256-gOXrFWlATQy052UilzIG6cH+vcXYjH74wcoINdYGiSI=",
        "owner": "ojwenzel",
        "repo": "astronvim_config",
        "rev": "3ffd109e3f07d2d06e7de47ea60dfd223739d37f",
        "type": "github"
      },
      "original": {
        "owner": "ojwenzel",
        "repo": "astronvim_config",
        "type": "github"
      }
    },
    "nixpkgs": {
      "locked": {
        "lastModified": 1775710090,
        "narHash": "sha256-ar3rofg+awPB8QXDaFJhJ2jJhu+KqN/PRCXeyuXR76E=",
        "owner": "NixOS",
        "repo": "nixpkgs",
        "rev": "4c1018dae018162ec878d42fec712642d214fdfa",
        "type": "github"
      },
      "original": {
        "owner": "NixOS",
        "ref": "nixos-unstable",
        "repo": "nixpkgs",
        "type": "github"
      }
    },
    "root": {
      "inputs": {
        "astronvim-config": "astronvim-config",
        "nixpkgs": "nixpkgs"
      }
    }
  },
  "root": "root",
  "version": 7
}
