{
  "nodes": {
    "astronvim-config": {
      "flake": false,
      "locked": {
        "lastModified": 1781473236,
        "narHash": "sha256-oToisUalFcaG8r/p3VsmXxEmtZZJ2amtWqDjeGR1ljk=",
        "owner": "ojwenzel",
        "repo": "astronvim_config",
        "rev": "723c27b7aa6f93a59e710b91047b1c58e8ec27f3",
        "type": "github"
      },
      "original": {
        "owner": "ojwenzel",
        "repo": "astronvim_config",
        "type": "github"
      }
    },
    "nixpkgs": {
      "locked": {
        "lastModified": 1775710090,
        "narHash": "sha256-ar3rofg+awPB8QXDaFJhJ2jJhu+KqN/PRCXeyuXR76E=",
        "owner": "NixOS",
        "repo": "nixpkgs",
        "rev": "4c1018dae018162ec878d42fec712642d214fdfa",
        "type": "github"
      },
      "original": {
        "owner": "NixOS",
        "ref": "nixos-unstable",
        "repo": "nixpkgs",
        "type": "github"
      }
    },
    "root": {
      "inputs": {
        "astronvim-config": "astronvim-config",
        "nixpkgs": "nixpkgs"
      }
    }
  },
  "root": "root",
  "version": 7
}
